
Microsoft Visual Studio Solution File, Format Version 12.00
# Visual Studio Version 17
VisualStudioVersion = 17.6.33815.320
MinimumVisualStudioVersion = 10.0.40219.1
Project("{9A19103F-16F7-4668-BE54-9A1E7A4F7556}") = "WebApp_UnderTheHood", "WebApp_UnderTheHood\WebApp_UnderTheHood.csproj", "{64A43220-42E9-44D2-864F-3BB7782356C8}"
EndProject
Global
	GlobalSection(SolutionConfigurationPlatforms) = preSolution
		Debug|Any CPU = Debug|Any CPU
		Release|Any CPU = Release|Any CPU
	EndGlobalSection
	GlobalSection(ProjectConfigurationPlatforms) = postSolution
		{64A43220-42E9-44D2-864F-3BB7782356C8}.Debug|Any CPU.ActiveCfg = Debug|Any CPU
		{64A43220-42E9-44D2-864F-3BB7782356C8}.Debug|Any CPU.Build.0 = Debug|Any CPU
		{64A43220-42E9-44D2-864F-3BB7782356C8}.Release|Any CPU.ActiveCfg = Release|Any CPU
		{64A43220-42E9-44D2-864F-3BB7782356C8}.Release|Any CPU.Build.0 = Release|Any CPU
	EndGlobalSection
	GlobalSection(SolutionProperties) = preSolution
		HideSolutionNode = FALSE
	EndGlobalSection
	GlobalSection(ExtensibilityGlobals) = postSolution
		SolutionGuid = {E13632E6-EFC5-44D4-8DC7-AC276D27B22B}
	EndGlobalSection
EndGlobal
